// !$*UTF8*$!
{
	archiveVersion = 1;
	classes = {
	};
	objectVersion = 55;
	objects = {

/* Begin PBXBuildFile section */
		D6A70581291B8E040082F55F /* AppDelegate.swift in Sources */ = {isa = PBXBuildFile; fileRef = D6A70580291B8E040082F55F /* AppDelegate.swift */; };
		D6A70583291B8E040082F55F /* SceneDelegate.swift in Sources */ = {isa = PBXBuildFile; fileRef = D6A70582291B8E040082F55F /* SceneDelegate.swift */; };
		D6A7058B291B8E040082F55F /* QSTMMovieBrowser.xcdatamodeld in Sources */ = {isa = PBXBuildFile; fileRef = D6A70589291B8E040082F55F /* QSTMMovieBrowser.xcdatamodeld */; };
		D6A7058D291B8E060082F55F /* Assets.xcassets in Resources */ = {isa = PBXBuildFile; fileRef = D6A7058C291B8E060082F55F /* Assets.xcassets */; };
		D6A70590291B8E060082F55F /* LaunchScreen.storyboard in Resources */ = {isa = PBXBuildFile; fileRef = D6A7058E291B8E060082F55F /* LaunchScreen.storyboard */; };
		D6A7059B291B8E060082F55F /* QSTMMovieBrowserTests.swift in Sources */ = {isa = PBXBuildFile; fileRef = D6A7059A291B8E060082F55F /* QSTMMovieBrowserTests.swift */; };
		D6A705A5291B8E060082F55F /* QSTMMovieBrowserUITests.swift in Sources */ = {isa = PBXBuildFile; fileRef = D6A705A4291B8E060082F55F /* QSTMMovieBrowserUITests.swift */; };
		D6A705A7291B8E060082F55F /* QSTMMovieBrowserUITestsLaunchTests.swift in Sources */ = {isa = PBXBuildFile; fileRef = D6A705A6291B8E060082F55F /* QSTMMovieBrowserUITestsLaunchTests.swift */; };
		D6A705B7291B8E580082F55F /* MovieListViewController.swift in Sources */ = {isa = PBXBuildFile; fileRef = D6A705B5291B8E580082F55F /* MovieListViewController.swift */; };
		D6A705B8291B8E580082F55F /* MovieListViewController.xib in Resources */ = {isa = PBXBuildFile; fileRef = D6A705B6291B8E580082F55F /* MovieListViewController.xib */; };
		D6A705C2291B90D20082F55F /* Movie List App.png in Resources */ = {isa = PBXBuildFile; fileRef = D6A705BC291B90D20082F55F /* Movie List App.png */; };
		D6A705C3291B90D20082F55F /* Tenet.png in Resources */ = {isa = PBXBuildFile; fileRef = D6A705BD291B90D20082F55F /* Tenet.png */; };
		D6A705C4291B90D20082F55F /* Knives Out.png in Resources */ = {isa = PBXBuildFile; fileRef = D6A705BE291B90D20082F55F /* Knives Out.png */; };
		D6A705C5291B90D20082F55F /* Avengers.png in Resources */ = {isa = PBXBuildFile; fileRef = D6A705BF291B90D20082F55F /* Avengers.png */; };
		D6A705C6291B90D20082F55F /* Guardians of The Galaxy.png in Resources */ = {isa = PBXBuildFile; fileRef = D6A705C0291B90D20082F55F /* Guardians of The Galaxy.png */; };
		D6A705C7291B90D20082F55F /* Spider Man.png in Resources */ = {isa = PBXBuildFile; fileRef = D6A705C1291B90D20082F55F /* Spider Man.png */; };
		D6A705C9291B94020082F55F /* MovieListDummyData.swift in Sources */ = {isa = PBXBuildFile; fileRef = D6A705C8291B94020082F55F /* MovieListDummyData.swift */; };
		D6A705CD291B977E0082F55F /* CodableObjectFactory.swift in Sources */ = {isa = PBXBuildFile; fileRef = D6A705CC291B977E0082F55F /* CodableObjectFactory.swift */; };
		D6A705D0291B97BD0082F55F /* Movie.swift in Sources */ = {isa = PBXBuildFile; fileRef = D6A705CF291B97BD0082F55F /* Movie.swift */; };
		D6A705D2291B99CE0082F55F /* MoviesList.swift in Sources */ = {isa = PBXBuildFile; fileRef = D6A705D1291B99CE0082F55F /* MoviesList.swift */; };
		D6A705D5291B9A410082F55F /* MovieListViewModel.swift in Sources */ = {isa = PBXBuildFile; fileRef = D6A705D4291B9A410082F55F /* MovieListViewModel.swift */; };
		D6A705D9291B9B330082F55F /* MovieTableViewCell.swift in Sources */ = {isa = PBXBuildFile; fileRef = D6A705D7291B9B330082F55F /* MovieTableViewCell.swift */; };
		D6A705DA291B9B330082F55F /* MovieTableViewCell.xib in Resources */ = {isa = PBXBuildFile; fileRef = D6A705D8291B9B330082F55F /* MovieTableViewCell.xib */; };
		D6A705DD291BA74B0082F55F /* MovieDetailViewController.swift in Sources */ = {isa = PBXBuildFile; fileRef = D6A705DB291BA74B0082F55F /* MovieDetailViewController.swift */; };
		D6A705DE291BA74B0082F55F /* MovieDetailViewController.xib in Resources */ = {isa = PBXBuildFile; fileRef = D6A705DC291BA74B0082F55F /* MovieDetailViewController.xib */; };
		D6A705E0291BC1AB0082F55F /* MovieDetailsViewModel.swift in Sources */ = {isa = PBXBuildFile; fileRef = D6A705DF291BC1AB0082F55F /* MovieDetailsViewModel.swift */; };
		D6A705E3291BC2C90082F55F /* UIView+Extension.swift in Sources */ = {isa = PBXBuildFile; fileRef = D6A705E2291BC2C90082F55F /* UIView+Extension.swift */; };
		D6A705E5291BCDBB0082F55F /* UIDate+Extension.swift in Sources */ = {isa = PBXBuildFile; fileRef = D6A705E4291BCDBB0082F55F /* UIDate+Extension.swift */; };
		D6A705E7291BCDFD0082F55F /* UIString+Extension.swift in Sources */ = {isa = PBXBuildFile; fileRef = D6A705E6291BCDFD0082F55F /* UIString+Extension.swift */; };
/* End PBXBuildFile section */

/* Begin PBXContainerItemProxy section */
		D6A70597291B8E060082F55F /* PBXContainerItemProxy */ = {
			isa = PBXContainerItemProxy;
			containerPortal = D6A70575291B8E030082F55F /* Project object */;
			proxyType = 1;
			remoteGlobalIDString = D6A7057C291B8E040082F55F;
			remoteInfo = QSTMMovieBrowser;
		};
		D6A705A1291B8E060082F55F /* PBXContainerItemProxy */ = {
			isa = PBXContainerItemProxy;
			containerPortal = D6A70575291B8E030082F55F /* Project object */;
			proxyType = 1;
			remoteGlobalIDString = D6A7057C291B8E040082F55F;
			remoteInfo = QSTMMovieBrowser;
		};
/* End PBXContainerItemProxy section */

/* Begin PBXFileReference section */
		D6A7057D291B8E040082F55F /* QSTMMovieBrowser.app */ = {isa = PBXFileReference; explicitFileType = wrapper.application; includeInIndex = 0; path = QSTMMovieBrowser.app; sourceTree = BUILT_PRODUCTS_DIR; };
		D6A70580291B8E040082F55F /* AppDelegate.swift */ = {isa = PBXFileReference; lastKnownFileType = sourcecode.swift; path = AppDelegate.swift; sourceTree = "<group>"; };
		D6A70582291B8E040082F55F /* SceneDelegate.swift */ = {isa = PBXFileReference; lastKnownFileType = sourcecode.swift; path = SceneDelegate.swift; sourceTree = "<group>"; };
		D6A7058A291B8E040082F55F /* QSTMMovieBrowser.xcdatamodel */ = {isa = PBXFileReference; lastKnownFileType = wrapper.xcdatamodel; path = QSTMMovieBrowser.xcdatamodel; sourceTree = "<group>"; };
		D6A7058C291B8E060082F55F /* Assets.xcassets */ = {isa = PBXFileReference; lastKnownFileType = folder.assetcatalog; path = Assets.xcassets; sourceTree = "<group>"; };
		D6A7058F291B8E060082F55F /* Base */ = {isa = PBXFileReference; lastKnownFileType = file.storyboard; name = Base; path = Base.lproj/LaunchScreen.storyboard; sourceTree = "<group>"; };
		D6A70591291B8E060082F55F /* Info.plist */ = {isa = PBXFileReference; lastKnownFileType = text.plist.xml; path = Info.plist; sourceTree = "<group>"; };
		D6A70596291B8E060082F55F /* QSTMMovieBrowserTests.xctest */ = {isa = PBXFileReference; explicitFileType = wrapper.cfbundle; includeInIndex = 0; path = QSTMMovieBrowserTests.xctest; sourceTree = BUILT_PRODUCTS_DIR; };
		D6A7059A291B8E060082F55F /* QSTMMovieBrowserTests.swift */ = {isa = PBXFileReference; lastKnownFileType = sourcecode.swift; path = QSTMMovieBrowserTests.swift; sourceTree = "<group>"; };
		D6A705A0291B8E060082F55F /* QSTMMovieBrowserUITests.xctest */ = {isa = PBXFileReference; explicitFileType = wrapper.cfbundle; includeInIndex = 0; path = QSTMMovieBrowserUITests.xctest; sourceTree = BUILT_PRODUCTS_DIR; };
		D6A705A4291B8E060082F55F /* QSTMMovieBrowserUITests.swift */ = {isa = PBXFileReference; lastKnownFileType = sourcecode.swift; path = QSTMMovieBrowserUITests.swift; sourceTree = "<group>"; };
		D6A705A6291B8E060082F55F /* QSTMMovieBrowserUITestsLaunchTests.swift */ = {isa = PBXFileReference; lastKnownFileType = sourcecode.swift; path = QSTMMovieBrowserUITestsLaunchTests.swift; sourceTree = "<group>"; };
		D6A705B5291B8E580082F55F /* MovieListViewController.swift */ = {isa = PBXFileReference; lastKnownFileType = sourcecode.swift; path = MovieListViewController.swift; sourceTree = "<group>"; };
		D6A705B6291B8E580082F55F /* MovieListViewController.xib */ = {isa = PBXFileReference; lastKnownFileType = file.xib; path = MovieListViewController.xib; sourceTree = "<group>"; };
		D6A705BC291B90D20082F55F /* Movie List App.png */ = {isa = PBXFileReference; lastKnownFileType = image.png; path = "Movie List App.png"; sourceTree = "<group>"; };
		D6A705BD291B90D20082F55F /* Tenet.png */ = {isa = PBXFileReference; lastKnownFileType = image.png; path = Tenet.png; sourceTree = "<group>"; };
		D6A705BE291B90D20082F55F /* Knives Out.png */ = {isa = PBXFileReference; lastKnownFileType = image.png; path = "Knives Out.png"; sourceTree = "<group>"; };
		D6A705BF291B90D20082F55F /* Avengers.png */ = {isa = PBXFileReference; lastKnownFileType = image.png; path = Avengers.png; sourceTree = "<group>"; };
		D6A705C0291B90D20082F55F /* Guardians of The Galaxy.png */ = {isa = PBXFileReference; lastKnownFileType = image.png; path = "Guardians of The Galaxy.png"; sourceTree = "<group>"; };
		D6A705C1291B90D20082F55F /* Spider Man.png */ = {isa = PBXFileReference; lastKnownFileType = image.png; path = "Spider Man.png"; sourceTree = "<group>"; };
		D6A705C8291B94020082F55F /* MovieListDummyData.swift */ = {isa = PBXFileReference; lastKnownFileType = sourcecode.swift; path = MovieListDummyData.swift; sourceTree = "<group>"; };
		D6A705CC291B977E0082F55F /* CodableObjectFactory.swift */ = {isa = PBXFileReference; lastKnownFileType = sourcecode.swift; path = CodableObjectFactory.swift; sourceTree = "<group>"; };
		D6A705CF291B97BD0082F55F /* Movie.swift */ = {isa = PBXFileReference; lastKnownFileType = sourcecode.swift; path = Movie.swift; sourceTree = "<group>"; };
		D6A705D1291B99CE0082F55F /* MoviesList.swift */ = {isa = PBXFileReference; lastKnownFileType = sourcecode.swift; path = MoviesList.swift; sourceTree = "<group>"; };
		D6A705D4291B9A410082F55F /* MovieListViewModel.swift */ = {isa = PBXFileReference; lastKnownFileType = sourcecode.swift; path = MovieListViewModel.swift; sourceTree = "<group>"; };
		D6A705D7291B9B330082F55F /* MovieTableViewCell.swift */ = {isa = PBXFileReference; lastKnownFileType = sourcecode.swift; path = MovieTableViewCell.swift; sourceTree = "<group>"; };
		D6A705D8291B9B330082F55F /* MovieTableViewCell.xib */ = {isa = PBXFileReference; lastKnownFileType = file.xib; path = MovieTableViewCell.xib; sourceTree = "<group>"; };
		D6A705DB291BA74B0082F55F /* MovieDetailViewController.swift */ = {isa = PBXFileReference; lastKnownFileType = sourcecode.swift; path = MovieDetailViewController.swift; sourceTree = "<group>"; };
		D6A705DC291BA74B0082F55F /* MovieDetailViewController.xib */ = {isa = PBXFileReference; lastKnownFileType = file.xib; path = MovieDetailViewController.xib; sourceTree = "<group>"; };
		D6A705DF291BC1AB0082F55F /* MovieDetailsViewModel.swift */ = {isa = PBXFileReference; lastKnownFileType = sourcecode.swift; path = MovieDetailsViewModel.swift; sourceTree = "<group>"; };
		D6A705E2291BC2C90082F55F /* UIView+Extension.swift */ = {isa = PBXFileReference; lastKnownFileType = sourcecode.swift; path = "UIView+Extension.swift"; sourceTree = "<group>"; };
		D6A705E4291BCDBB0082F55F /* UIDate+Extension.swift */ = {isa = PBXFileReference; lastKnownFileType = sourcecode.swift; path = "UIDate+Extension.swift"; sourceTree = "<group>"; };
		D6A705E6291BCDFD0082F55F /* UIString+Extension.swift */ = {isa = PBXFileReference; lastKnownFileType = sourcecode.swift; path = "UIString+Extension.swift"; sourceTree = "<group>"; };
/* End PBXFileReference section */

/* Begin PBXFrameworksBuildPhase section */
		D6A7057A291B8E040082F55F /* Frameworks */ = {
			isa = PBXFrameworksBuildPhase;
			buildActionMask = 2147483647;
			files = (
			);
			runOnlyForDeploymentPostprocessing = 0;
		};
		D6A70593291B8E060082F55F /* Frameworks */ = {
			isa = PBXFrameworksBuildPhase;
			buildActionMask = 2147483647;
			files = (
			);
			runOnlyForDeploymentPostprocessing = 0;
		};
		D6A7059D291B8E060082F55F /* Frameworks */ = {
			isa = PBXFrameworksBuildPhase;
			buildActionMask = 2147483647;
			files = (
			);
			runOnlyForDeploymentPostprocessing = 0;
		};
/* End PBXFrameworksBuildPhase section */

/* Begin PBXGroup section */
		D6A70574291B8E030082F55F = {
			isa = PBXGroup;
			children = (
				D6A7057F291B8E040082F55F /* QSTMMovieBrowser */,
				D6A70599291B8E060082F55F /* QSTMMovieBrowserTests */,
				D6A705A3291B8E060082F55F /* QSTMMovieBrowserUITests */,
				D6A7057E291B8E040082F55F /* Products */,
			);
			sourceTree = "<group>";
		};
		D6A7057E291B8E040082F55F /* Products */ = {
			isa = PBXGroup;
			children = (
				D6A7057D291B8E040082F55F /* QSTMMovieBrowser.app */,
				D6A70596291B8E060082F55F /* QSTMMovieBrowserTests.xctest */,
				D6A705A0291B8E060082F55F /* QSTMMovieBrowserUITests.xctest */,
			);
			name = Products;
			sourceTree = "<group>";
		};
		D6A7057F291B8E040082F55F /* QSTMMovieBrowser */ = {
			isa = PBXGroup;
			children = (
				D6A705E1291BC2BF0082F55F /* Extensions */,
				D6A705CE291B97B50082F55F /* Model */,
				D6A705CB291B97730082F55F /* Utilities */,
				D6A705CA291B973F0082F55F /* View Controller */,
				D6A705D3291B9A300082F55F /* ViewModel */,
				D6A705B9291B8E6B0082F55F /* Persistence */,
				D6A705B4291B8E1F0082F55F /* Supporting Files */,
			);
			path = QSTMMovieBrowser;
			sourceTree = "<group>";
		};
		D6A70599291B8E060082F55F /* QSTMMovieBrowserTests */ = {
			isa = PBXGroup;
			children = (
				D6A7059A291B8E060082F55F /* QSTMMovieBrowserTests.swift */,
			);
			path = QSTMMovieBrowserTests;
			sourceTree = "<group>";
		};
		D6A705A3291B8E060082F55F /* QSTMMovieBrowserUITests */ = {
			isa = PBXGroup;
			children = (
				D6A705A4291B8E060082F55F /* QSTMMovieBrowserUITests.swift */,
				D6A705A6291B8E060082F55F /* QSTMMovieBrowserUITestsLaunchTests.swift */,
			);
			path = QSTMMovieBrowserUITests;
			sourceTree = "<group>";
		};
		D6A705B4291B8E1F0082F55F /* Supporting Files */ = {
			isa = PBXGroup;
			children = (
				D6A70580291B8E040082F55F /* AppDelegate.swift */,
				D6A70582291B8E040082F55F /* SceneDelegate.swift */,
				D6A7058C291B8E060082F55F /* Assets.xcassets */,
				D6A7058E291B8E060082F55F /* LaunchScreen.storyboard */,
				D6A70591291B8E060082F55F /* Info.plist */,
			);
			name = "Supporting Files";
			sourceTree = "<group>";
		};
		D6A705B9291B8E6B0082F55F /* Persistence */ = {
			isa = PBXGroup;
			children = (
				D6A705BB291B90C50082F55F /* MovieLogos */,
				D6A70589291B8E040082F55F /* QSTMMovieBrowser.xcdatamodeld */,
				D6A705C8291B94020082F55F /* MovieListDummyData.swift */,
			);
			name = Persistence;
			sourceTree = "<group>";
		};
		D6A705BB291B90C50082F55F /* MovieLogos */ = {
			isa = PBXGroup;
			children = (
				D6A705BF291B90D20082F55F /* Avengers.png */,
				D6A705C0291B90D20082F55F /* Guardians of The Galaxy.png */,
				D6A705BE291B90D20082F55F /* Knives Out.png */,
				D6A705BC291B90D20082F55F /* Movie List App.png */,
				D6A705C1291B90D20082F55F /* Spider Man.png */,
				D6A705BD291B90D20082F55F /* Tenet.png */,
			);
			name = MovieLogos;
			sourceTree = "<group>";
		};
		D6A705CA291B973F0082F55F /* View Controller */ = {
			isa = PBXGroup;
			children = (
				D6A705D6291B9B1C0082F55F /* Cell */,
				D6A705B5291B8E580082F55F /* MovieListViewController.swift */,
				D6A705B6291B8E580082F55F /* MovieListViewController.xib */,
				D6A705DB291BA74B0082F55F /* MovieDetailViewController.swift */,
				D6A705DC291BA74B0082F55F /* MovieDetailViewController.xib */,
			);
			name = "View Controller";
			sourceTree = "<group>";
		};
		D6A705CB291B97730082F55F /* Utilities */ = {
			isa = PBXGroup;
			children = (
				D6A705CC291B977E0082F55F /* CodableObjectFactory.swift */,
			);
			name = Utilities;
			sourceTree = "<group>";
		};
		D6A705CE291B97B50082F55F /* Model */ = {
			isa = PBXGroup;
			children = (
				D6A705CF291B97BD0082F55F /* Movie.swift */,
				D6A705D1291B99CE0082F55F /* MoviesList.swift */,
			);
			name = Model;
			sourceTree = "<group>";
		};
		D6A705D3291B9A300082F55F /* ViewModel */ = {
			isa = PBXGroup;
			children = (
				D6A705D4291B9A410082F55F /* MovieListViewModel.swift */,
				D6A705DF291BC1AB0082F55F /* MovieDetailsViewModel.swift */,
			);
			name = ViewModel;
			sourceTree = "<group>";
		};
		D6A705D6291B9B1C0082F55F /* Cell */ = {
			isa = PBXGroup;
			children = (
				D6A705D7291B9B330082F55F /* MovieTableViewCell.swift */,
				D6A705D8291B9B330082F55F /* MovieTableViewCell.xib */,
			);
			name = Cell;
			sourceTree = "<group>";
		};
		D6A705E1291BC2BF0082F55F /* Extensions */ = {
			isa = PBXGroup;
			children = (
				D6A705E2291BC2C90082F55F /* UIView+Extension.swift */,
				D6A705E4291BCDBB0082F55F /* UIDate+Extension.swift */,
				D6A705E6291BCDFD0082F55F /* UIString+Extension.swift */,
			);
			name = Extensions;
			sourceTree = "<group>";
		};
/* End PBXGroup section */

/* Begin PBXNativeTarget section */
		D6A7057C291B8E040082F55F /* QSTMMovieBrowser */ = {
			isa = PBXNativeTarget;
			buildConfigurationList = D6A705AA291B8E060082F55F /* Build configuration list for PBXNativeTarget "QSTMMovieBrowser" */;
			buildPhases = (
				D6A70579291B8E040082F55F /* Sources */,
				D6A7057A291B8E040082F55F /* Frameworks */,
				D6A7057B291B8E040082F55F /* Resources */,
			);
			buildRules = (
			);
			dependencies = (
			);
			name = QSTMMovieBrowser;
			productName = QSTMMovieBrowser;
			productReference = D6A7057D291B8E040082F55F /* QSTMMovieBrowser.app */;
			productType = "com.apple.product-type.application";
		};
		D6A70595291B8E060082F55F /* QSTMMovieBrowserTests */ = {
			isa = PBXNativeTarget;
			buildConfigurationList = D6A705AD291B8E060082F55F /* Build configuration list for PBXNativeTarget "QSTMMovieBrowserTests" */;
			buildPhases = (
				D6A70592291B8E060082F55F /* Sources */,
				D6A70593291B8E060082F55F /* Frameworks */,
				D6A70594291B8E060082F55F /* Resources */,
			);
			buildRules = (
			);
			dependencies = (
				D6A70598291B8E060082F55F /* PBXTargetDependency */,
			);
			name = QSTMMovieBrowserTests;
			productName = QSTMMovieBrowserTests;
			productReference = D6A70596291B8E060082F55F /* QSTMMovieBrowserTests.xctest */;
			productType = "com.apple.product-type.bundle.unit-test";
		};
		D6A7059F291B8E060082F55F /* QSTMMovieBrowserUITests */ = {
			isa = PBXNativeTarget;
			buildConfigurationList = D6A705B0291B8E060082F55F /* Build configuration list for PBXNativeTarget "QSTMMovieBrowserUITests" */;
			buildPhases = (
				D6A7059C291B8E060082F55F /* Sources */,
				D6A7059D291B8E060082F55F /* Frameworks */,
				D6A7059E291B8E060082F55F /* Resources */,
			);
			buildRules = (
			);
			dependencies = (
				D6A705A2291B8E060082F55F /* PBXTargetDependency */,
			);
			name = QSTMMovieBrowserUITests;
			productName = QSTMMovieBrowserUITests;
			productReference = D6A705A0291B8E060082F55F /* QSTMMovieBrowserUITests.xctest */;
			productType = "com.apple.product-type.bundle.ui-testing";
		};
/* End PBXNativeTarget section */

/* Begin PBXProject section */
		D6A70575291B8E030082F55F /* Project object */ = {
			isa = PBXProject;
			attributes = {
				BuildIndependentTargetsInParallel = 1;
				LastSwiftUpdateCheck = 1330;
				LastUpgradeCheck = 1330;
				TargetAttributes = {
					D6A7057C291B8E040082F55F = {
						CreatedOnToolsVersion = 13.3;
					};
					D6A70595291B8E060082F55F = {
						CreatedOnToolsVersion = 13.3;
						TestTargetID = D6A7057C291B8E040082F55F;
					};
					D6A7059F291B8E060082F55F = {
						CreatedOnToolsVersion = 13.3;
						TestTargetID = D6A7057C291B8E040082F55F;
					};
				};
			};
			buildConfigurationList = D6A70578291B8E030082F55F /* Build configuration list for PBXProject "QSTMMovieBrowser" */;
			compatibilityVersion = "Xcode 13.0";
			developmentRegion = en;
			hasScannedForEncodings = 0;
			knownRegions = (
				en,
				Base,
			);
			mainGroup = D6A70574291B8E030082F55F;
			productRefGroup = D6A7057E291B8E040082F55F /* Products */;
			projectDirPath = "";
			projectRoot = "";
			targets = (
				D6A7057C291B8E040082F55F /* QSTMMovieBrowser */,
				D6A70595291B8E060082F55F /* QSTMMovieBrowserTests */,
				D6A7059F291B8E060082F55F /* QSTMMovieBrowserUITests */,
			);
		};
/* End PBXProject section */

/* Begin PBXResourcesBuildPhase section */
		D6A7057B291B8E040082F55F /* Resources */ = {
			isa = PBXResourcesBuildPhase;
			buildActionMask = 2147483647;
			files = (
				D6A705C6291B90D20082F55F /* Guardians of The Galaxy.png in Resources */,
				D6A705C5291B90D20082F55F /* Avengers.png in Resources */,
				D6A705B8291B8E580082F55F /* MovieListViewController.xib in Resources */,
				D6A705C7291B90D20082F55F /* Spider Man.png in Resources */,
				D6A705C3291B90D20082F55F /* Tenet.png in Resources */,
				D6A70590291B8E060082F55F /* LaunchScreen.storyboard in Resources */,
				D6A705DA291B9B330082F55F /* MovieTableViewCell.xib in Resources */,
				D6A705C2291B90D20082F55F /* Movie List App.png in Resources */,
				D6A7058D291B8E060082F55F /* Assets.xcassets in Resources */,
				D6A705DE291BA74B0082F55F /* MovieDetailViewController.xib in Resources */,
				D6A705C4291B90D20082F55F /* Knives Out.png in Resources */,
			);
			runOnlyForDeploymentPostprocessing = 0;
		};
		D6A70594291B8E060082F55F /* Resources */ = {
			isa = PBXResourcesBuildPhase;
			buildActionMask = 2147483647;
			files = (
			);
			runOnlyForDeploymentPostprocessing = 0;
		};
		D6A7059E291B8E060082F55F /* Resources */ = {
			isa = PBXResourcesBuildPhase;
			buildActionMask = 2147483647;
			files = (
			);
			runOnlyForDeploymentPostprocessing = 0;
		};
/* End PBXResourcesBuildPhase section */

/* Begin PBXSourcesBuildPhase section */
		D6A70579291B8E040082F55F /* Sources */ = {
			isa = PBXSourcesBuildPhase;
			buildActionMask = 2147483647;
			files = (
				D6A705D9291B9B330082F55F /* MovieTableViewCell.swift in Sources */,
				D6A705E3291BC2C90082F55F /* UIView+Extension.swift in Sources */,
				D6A705D0291B97BD0082F55F /* Movie.swift in Sources */,
				D6A70581291B8E040082F55F /* AppDelegate.swift in Sources */,
				D6A705D2291B99CE0082F55F /* MoviesList.swift in Sources */,
				D6A705E7291BCDFD0082F55F /* UIString+Extension.swift in Sources */,
				D6A705D5291B9A410082F55F /* MovieListViewModel.swift in Sources */,
				D6A7058B291B8E040082F55F /* QSTMMovieBrowser.xcdatamodeld in Sources */,
				D6A705E5291BCDBB0082F55F /* UIDate+Extension.swift in Sources */,
				D6A705CD291B977E0082F55F /* CodableObjectFactory.swift in Sources */,
				D6A70583291B8E040082F55F /* SceneDelegate.swift in Sources */,
				D6A705E0291BC1AB0082F55F /* MovieDetailsViewModel.swift in Sources */,
				D6A705C9291B94020082F55F /* MovieListDummyData.swift in Sources */,
				D6A705DD291BA74B0082F55F /* MovieDetailViewController.swift in Sources */,
				D6A705B7291B8E580082F55F /* MovieListViewController.swift in Sources */,
			);
			runOnlyForDeploymentPostprocessing = 0;
		};
		D6A70592291B8E060082F55F /* Sources */ = {
			isa = PBXSourcesBuildPhase;
			buildActionMask = 2147483647;
			files = (
				D6A7059B291B8E060082F55F /* QSTMMovieBrowserTests.swift in Sources */,
			);
			runOnlyForDeploymentPostprocessing = 0;
		};
		D6A7059C291B8E060082F55F /* Sources */ = {
			isa = PBXSourcesBuildPhase;
			buildActionMask = 2147483647;
			files = (
				D6A705A5291B8E060082F55F /* QSTMMovieBrowserUITests.swift in Sources */,
				D6A705A7291B8E060082F55F /* QSTMMovieBrowserUITestsLaunchTests.swift in Sources */,
			);
			runOnlyForDeploymentPostprocessing = 0;
		};
/* End PBXSourcesBuildPhase section */

/* Begin PBXTargetDependency section */
		D6A70598291B8E060082F55F /* PBXTargetDependency */ = {
			isa = PBXTargetDependency;
			target = D6A7057C291B8E040082F55F /* QSTMMovieBrowser */;
			targetProxy = D6A70597291B8E060082F55F /* PBXContainerItemProxy */;
		};
		D6A705A2291B8E060082F55F /* PBXTargetDependency */ = {
			isa = PBXTargetDependency;
			target = D6A7057C291B8E040082F55F /* QSTMMovieBrowser */;
			targetProxy = D6A705A1291B8E060082F55F /* PBXContainerItemProxy */;
		};
/* End PBXTargetDependency section */

/* Begin PBXVariantGroup section */
		D6A7058E291B8E060082F55F /* LaunchScreen.storyboard */ = {
			isa = PBXVariantGroup;
			children = (
				D6A7058F291B8E060082F55F /* Base */,
			);
			name = LaunchScreen.storyboard;
			sourceTree = "<group>";
		};
/* End PBXVariantGroup section */

/* Begin XCBuildConfiguration section */
		D6A705A8291B8E060082F55F /* Debug */ = {
			isa = XCBuildConfiguration;
			buildSettings = {
				ALWAYS_SEARCH_USER_PATHS = NO;
				CLANG_ANALYZER_NONNULL = YES;
				CLANG_ANALYZER_NUMBER_OBJECT_CONVERSION = YES_AGGRESSIVE;
				CLANG_CXX_LANGUAGE_STANDARD = "gnu++17";
				CLANG_ENABLE_MODULES = YES;
				CLANG_ENABLE_OBJC_ARC = YES;
				CLANG_ENABLE_OBJC_WEAK = YES;
				CLANG_WARN_BLOCK_CAPTURE_AUTORELEASING = YES;
				CLANG_WARN_BOOL_CONVERSION = YES;
				CLANG_WARN_COMMA = YES;
				CLANG_WARN_CONSTANT_CONVERSION = YES;
				CLANG_WARN_DEPRECATED_OBJC_IMPLEMENTATIONS = YES;
				CLANG_WARN_DIRECT_OBJC_ISA_USAGE = YES_ERROR;
				CLANG_WARN_DOCUMENTATION_COMMENTS = YES;
				CLANG_WARN_EMPTY_BODY = YES;
				CLANG_WARN_ENUM_CONVERSION = YES;
				CLANG_WARN_INFINITE_RECURSION = YES;
				CLANG_WARN_INT_CONVERSION = YES;
				CLANG_WARN_NON_LITERAL_NULL_CONVERSION = YES;
				CLANG_WARN_OBJC_IMPLICIT_RETAIN_SELF = YES;
				CLANG_WARN_OBJC_LITERAL_CONVERSION = YES;
				CLANG_WARN_OBJC_ROOT_CLASS = YES_ERROR;
				CLANG_WARN_QUOTED_INCLUDE_IN_FRAMEWORK_HEADER = YES;
				CLANG_WARN_RANGE_LOOP_ANALYSIS = YES;
				CLANG_WARN_STRICT_PROTOTYPES = YES;
				CLANG_WARN_SUSPICIOUS_MOVE = YES;
				CLANG_WARN_UNGUARDED_AVAILABILITY = YES_AGGRESSIVE;
				CLANG_WARN_UNREACHABLE_CODE = YES;
				CLANG_WARN__DUPLICATE_METHOD_MATCH = YES;
				COPY_PHASE_STRIP = NO;
				DEBUG_INFORMATION_FORMAT = dwarf;
				ENABLE_STRICT_OBJC_MSGSEND = YES;
				ENABLE_TESTABILITY = YES;
				GCC_C_LANGUAGE_STANDARD = gnu11;
				GCC_DYNAMIC_NO_PIC = NO;
				GCC_NO_COMMON_BLOCKS = YES;
				GCC_OPTIMIZATION_LEVEL = 0;
				GCC_PREPROCESSOR_DEFINITIONS = (
					"DEBUG=1",
					"$(inherited)",
				);
				GCC_WARN_64_TO_32_BIT_CONVERSION = YES;
				GCC_WARN_ABOUT_RETURN_TYPE = YES_ERROR;
				GCC_WARN_UNDECLARED_SELECTOR = YES;
				GCC_WARN_UNINITIALIZED_AUTOS = YES_AGGRESSIVE;
				GCC_WARN_UNUSED_FUNCTION = YES;
				GCC_WARN_UNUSED_VARIABLE = YES;
				IPHONEOS_DEPLOYMENT_TARGET = 15.4;
				MTL_ENABLE_DEBUG_INFO = INCLUDE_SOURCE;
				MTL_FAST_MATH = YES;
				ONLY_ACTIVE_ARCH = YES;
				SDKROOT = iphoneos;
				SWIFT_ACTIVE_COMPILATION_CONDITIONS = DEBUG;
				SWIFT_OPTIMIZATION_LEVEL = "-Onone";
			};
			name = Debug;
		};
		D6A705A9291B8E060082F55F /* Release */ = {
			isa = XCBuildConfiguration;
			buildSettings = {
				ALWAYS_SEARCH_USER_PATHS = NO;
				CLANG_ANALYZER_NONNULL = YES;
				CLANG_ANALYZER_NUMBER_OBJECT_CONVERSION = YES_AGGRESSIVE;
				CLANG_CXX_LANGUAGE_STANDARD = "gnu++17";
				CLANG_ENABLE_MODULES = YES;
				CLANG_ENABLE_OBJC_ARC = YES;
				CLANG_ENABLE_OBJC_WEAK = YES;
				CLANG_WARN_BLOCK_CAPTURE_AUTORELEASING = YES;
				CLANG_WARN_BOOL_CONVERSION = YES;
				CLANG_WARN_COMMA = YES;
				CLANG_WARN_CONSTANT_CONVERSION = YES;
				CLANG_WARN_DEPRECATED_OBJC_IMPLEMENTATIONS = YES;
				CLANG_WARN_DIRECT_OBJC_ISA_USAGE = YES_ERROR;
				CLANG_WARN_DOCUMENTATION_COMMENTS = YES;
				CLANG_WARN_EMPTY_BODY = YES;
				CLANG_WARN_ENUM_CONVERSION = YES;
				CLANG_WARN_INFINITE_RECURSION = YES;
				CLANG_WARN_INT_CONVERSION = YES;
				CLANG_WARN_NON_LITERAL_NULL_CONVERSION = YES;
				CLANG_WARN_OBJC_IMPLICIT_RETAIN_SELF = YES;
				CLANG_WARN_OBJC_LITERAL_CONVERSION = YES;
				CLANG_WARN_OBJC_ROOT_CLASS = YES_ERROR;
				CLANG_WARN_QUOTED_INCLUDE_IN_FRAMEWORK_HEADER = YES;
				CLANG_WARN_RANGE_LOOP_ANALYSIS = YES;
				CLANG_WARN_STRICT_PROTOTYPES = YES;
				CLANG_WARN_SUSPICIOUS_MOVE = YES;
				CLANG_WARN_UNGUARDED_AVAILABILITY = YES_AGGRESSIVE;
				CLANG_WARN_UNREACHABLE_CODE = YES;
				CLANG_WARN__DUPLICATE_METHOD_MATCH = YES;
				COPY_PHASE_STRIP = NO;
				DEBUG_INFORMATION_FORMAT = "dwarf-with-dsym";
				ENABLE_NS_ASSERTIONS = NO;
				ENABLE_STRICT_OBJC_MSGSEND = YES;
				GCC_C_LANGUAGE_STANDARD = gnu11;
				GCC_NO_COMMON_BLOCKS = YES;
				GCC_WARN_64_TO_32_BIT_CONVERSION = YES;
				GCC_WARN_ABOUT_RETURN_TYPE = YES_ERROR;
				GCC_WARN_UNDECLARED_SELECTOR = YES;
				GCC_WARN_UNINITIALIZED_AUTOS = YES_AGGRESSIVE;
				GCC_WARN_UNUSED_FUNCTION = YES;
				GCC_WARN_UNUSED_VARIABLE = YES;
				IPHONEOS_DEPLOYMENT_TARGET = 15.4;
				MTL_ENABLE_DEBUG_INFO = NO;
				MTL_FAST_MATH = YES;
				SDKROOT = iphoneos;
				SWIFT_COMPILATION_MODE = wholemodule;
				SWIFT_OPTIMIZATION_LEVEL = "-O";
				VALIDATE_PRODUCT = YES;
			};
			name = Release;
		};
		D6A705AB291B8E060082F55F /* Debug */ = {
			isa = XCBuildConfiguration;
			buildSettings = {
				ASSETCATALOG_COMPILER_APPICON_NAME = AppIcon;
				ASSETCATALOG_COMPILER_GLOBAL_ACCENT_COLOR_NAME = AccentColor;
				CODE_SIGN_STYLE = Automatic;
				CURRENT_PROJECT_VERSION = 1;
				DEVELOPMENT_TEAM = H4QWQG6QUQ;
				GENERATE_INFOPLIST_FILE = YES;
				INFOPLIST_FILE = QSTMMovieBrowser/Info.plist;
				INFOPLIST_KEY_UIApplicationSupportsIndirectInputEvents = YES;
				INFOPLIST_KEY_UILaunchStoryboardName = LaunchScreen;
				INFOPLIST_KEY_UISupportedInterfaceOrientations_iPad = "UIInterfaceOrientationPortrait UIInterfaceOrientationPortraitUpsideDown UIInterfaceOrientationLandscapeLeft UIInterfaceOrientationLandscapeRight";
				INFOPLIST_KEY_UISupportedInterfaceOrientations_iPhone = "UIInterfaceOrientationPortrait UIInterfaceOrientationLandscapeLeft UIInterfaceOrientationLandscapeRight";
				LD_RUNPATH_SEARCH_PATHS = (
					"$(inherited)",
					"@executable_path/Frameworks",
				);
				MARKETING_VERSION = 1.0;
				PRODUCT_BUNDLE_IDENTIFIER = elijahchan.QSTMMovieBrowser;
				PRODUCT_NAME = "$(TARGET_NAME)";
				SWIFT_EMIT_LOC_STRINGS = YES;
				SWIFT_VERSION = 5.0;
				TARGETED_DEVICE_FAMILY = 1;
			};
			name = Debug;
		};
		D6A705AC291B8E060082F55F /* Release */ = {
			isa = XCBuildConfiguration;
			buildSettings = {
				ASSETCATALOG_COMPILER_APPICON_NAME = AppIcon;
				ASSETCATALOG_COMPILER_GLOBAL_ACCENT_COLOR_NAME = AccentColor;
				CODE_SIGN_STYLE = Automatic;
				CURRENT_PROJECT_VERSION = 1;
				DEVELOPMENT_TEAM = H4QWQG6QUQ;
				GENERATE_INFOPLIST_FILE = YES;
				INFOPLIST_FILE = QSTMMovieBrowser/Info.plist;
				INFOPLIST_KEY_UIApplicationSupportsIndirectInputEvents = YES;
				INFOPLIST_KEY_UILaunchStoryboardName = LaunchScreen;
				INFOPLIST_KEY_UISupportedInterfaceOrientations_iPad = "UIInterfaceOrientationPortrait UIInterfaceOrientationPortraitUpsideDown UIInterfaceOrientationLandscapeLeft UIInterfaceOrientationLandscapeRight";
				INFOPLIST_KEY_UISupportedInterfaceOrientations_iPhone = "UIInterfaceOrientationPortrait UIInterfaceOrientationLandscapeLeft UIInterfaceOrientationLandscapeRight";
				LD_RUNPATH_SEARCH_PATHS = (
					"$(inherited)",
					"@executable_path/Frameworks",
				);
				MARKETING_VERSION = 1.0;
				PRODUCT_BUNDLE_IDENTIFIER = elijahchan.QSTMMovieBrowser;
				PRODUCT_NAME = "$(TARGET_NAME)";
				SWIFT_EMIT_LOC_STRINGS = YES;
				SWIFT_VERSION = 5.0;
				TARGETED_DEVICE_FAMILY = 1;
			};
			name = Release;
		};
		D6A705AE291B8E060082F55F /* Debug */ = {
			isa = XCBuildConfiguration;
			buildSettings = {
				ALWAYS_EMBED_SWIFT_STANDARD_LIBRARIES = YES;
				BUNDLE_LOADER = "$(TEST_HOST)";
				CODE_SIGN_STYLE = Automatic;
				CURRENT_PROJECT_VERSION = 1;
				DEVELOPMENT_TEAM = H4QWQG6QUQ;
				GENERATE_INFOPLIST_FILE = YES;
				IPHONEOS_DEPLOYMENT_TARGET = 15.4;
				MARKETING_VERSION = 1.0;
				PRODUCT_BUNDLE_IDENTIFIER = elijahchan.QSTMMovieBrowserTests;
				PRODUCT_NAME = "$(TARGET_NAME)";
				SWIFT_EMIT_LOC_STRINGS = NO;
				SWIFT_VERSION = 5.0;
				TARGETED_DEVICE_FAMILY = "1,2";
				TEST_HOST = "$(BUILT_PRODUCTS_DIR)/QSTMMovieBrowser.app/QSTMMovieBrowser";
			};
			name = Debug;
		};
		D6A705AF291B8E060082F55F /* Release */ = {
			isa = XCBuildConfiguration;
			buildSettings = {
				ALWAYS_EMBED_SWIFT_STANDARD_LIBRARIES = YES;
				BUNDLE_LOADER = "$(TEST_HOST)";
				CODE_SIGN_STYLE = Automatic;
				CURRENT_PROJECT_VERSION = 1;
				DEVELOPMENT_TEAM = H4QWQG6QUQ;
				GENERATE_INFOPLIST_FILE = YES;
				IPHONEOS_DEPLOYMENT_TARGET = 15.4;
				MARKETING_VERSION = 1.0;
				PRODUCT_BUNDLE_IDENTIFIER = elijahchan.QSTMMovieBrowserTests;
				PRODUCT_NAME = "$(TARGET_NAME)";
				SWIFT_EMIT_LOC_STRINGS = NO;
				SWIFT_VERSION = 5.0;
				TARGETED_DEVICE_FAMILY = "1,2";
				TEST_HOST = "$(BUILT_PRODUCTS_DIR)/QSTMMovieBrowser.app/QSTMMovieBrowser";
			};
			name = Release;
		};
		D6A705B1291B8E060082F55F /* Debug */ = {
			isa = XCBuildConfiguration;
			buildSettings = {
				ALWAYS_EMBED_SWIFT_STANDARD_LIBRARIES = YES;
				CODE_SIGN_STYLE = Automatic;
				CURRENT_PROJECT_VERSION = 1;
				DEVELOPMENT_TEAM = H4QWQG6QUQ;
				GENERATE_INFOPLIST_FILE = YES;
				MARKETING_VERSION = 1.0;
				PRODUCT_BUNDLE_IDENTIFIER = elijahchan.QSTMMovieBrowserUITests;
				PRODUCT_NAME = "$(TARGET_NAME)";
				SWIFT_EMIT_LOC_STRINGS = NO;
				SWIFT_VERSION = 5.0;
				TARGETED_DEVICE_FAMILY = "1,2";
				TEST_TARGET_NAME = QSTMMovieBrowser;
			};
			name = Debug;
		};
		D6A705B2291B8E060082F55F /* Release */ = {
			isa = XCBuildConfiguration;
			buildSettings = {
				ALWAYS_EMBED_SWIFT_STANDARD_LIBRARIES = YES;
				CODE_SIGN_STYLE = Automatic;
				CURRENT_PROJECT_VERSION = 1;
				DEVELOPMENT_TEAM = H4QWQG6QUQ;
				GENERATE_INFOPLIST_FILE = YES;
				MARKETING_VERSION = 1.0;
				PRODUCT_BUNDLE_IDENTIFIER = elijahchan.QSTMMovieBrowserUITests;
				PRODUCT_NAME = "$(TARGET_NAME)";
				SWIFT_EMIT_LOC_STRINGS = NO;
				SWIFT_VERSION = 5.0;
				TARGETED_DEVICE_FAMILY = "1,2";
				TEST_TARGET_NAME = QSTMMovieBrowser;
			};
			name = Release;
		};
/* End XCBuildConfiguration section */

/* Begin XCConfigurationList section */
		D6A70578291B8E030082F55F /* Build configuration list for PBXProject "QSTMMovieBrowser" */ = {
			isa = XCConfigurationList;
			buildConfigurations = (
				D6A705A8291B8E060082F55F /* Debug */,
				D6A705A9291B8E060082F55F /* Release */,
			);
			defaultConfigurationIsVisible = 0;
			defaultConfigurationName = Release;
		};
		D6A705AA291B8E060082F55F /* Build configuration list for PBXNativeTarget "QSTMMovieBrowser" */ = {
			isa = XCConfigurationList;
			buildConfigurations = (
				D6A705AB291B8E060082F55F /* Debug */,
				D6A705AC291B8E060082F55F /* Release */,
			);
			defaultConfigurationIsVisible = 0;
			defaultConfigurationName = Release;
		};
		D6A705AD291B8E060082F55F /* Build configuration list for PBXNativeTarget "QSTMMovieBrowserTests" */ = {
			isa = XCConfigurationList;
			buildConfigurations = (
				D6A705AE291B8E060082F55F /* Debug */,
				D6A705AF291B8E060082F55F /* Release */,
			);
			defaultConfigurationIsVisible = 0;
			defaultConfigurationName = Release;
		};
		D6A705B0291B8E060082F55F /* Build configuration list for PBXNativeTarget "QSTMMovieBrowserUITests" */ = {
			isa = XCConfigurationList;
			buildConfigurations = (
				D6A705B1291B8E060082F55F /* Debug */,
				D6A705B2291B8E060082F55F /* Release */,
			);
			defaultConfigurationIsVisible = 0;
			defaultConfigurationName = Release;
		};
/* End XCConfigurationList section */

/* Begin XCVersionGroup section */
		D6A70589291B8E040082F55F /* QSTMMovieBrowser.xcdatamodeld */ = {
			isa = XCVersionGroup;
			children = (
				D6A7058A291B8E040082F55F /* QSTMMovieBrowser.xcdatamodel */,
			);
			currentVersion = D6A7058A291B8E040082F55F /* QSTMMovieBrowser.xcdatamodel */;
			path = QSTMMovieBrowser.xcdatamodeld;
			sourceTree = "<group>";
			versionGroupType = wrapper.xcdatamodel;
		};
/* End XCVersionGroup section */
	};
	rootObject = D6A70575291B8E030082F55F /* Project object */;
}
